
Microsoft Visual Studio Solution File, Format Version 12.00
# Visual Studio Version 17
VisualStudioVersion = 17.9.34607.119
MinimumVisualStudioVersion = 10.0.40219.1
Project("{8BC9CEB8-8B4A-11D0-8D11-00A0C91BC942}") = "Lecture03-HW", "Lecture03-HW\Lecture03-HW.vcxproj", "{E15CAB51-CFD0-4FBF-BD52-CF26C5A3E810}"
EndProject
Global
	GlobalSection(SolutionConfigurationPlatforms) = preSolution
		Debug|x64 = Debug|x64
		Debug|x86 = Debug|x86
		Release|x64 = Release|x64
		Release|x86 = Release|x86
	EndGlobalSection
	GlobalSection(ProjectConfigurationPlatforms) = postSolution
		{E15CAB51-CFD0-4FBF-BD52-CF26C5A3E810}.Debug|x64.ActiveCfg = Debug|x64
		{E15CAB51-CFD0-4FBF-BD52-CF26C5A3E810}.Debug|x64.Build.0 = Debug|x64
		{E15CAB51-CFD0-4FBF-BD52-CF26C5A3E810}.Debug|x86.ActiveCfg = Debug|Win32
		{E15CAB51-CFD0-4FBF-BD52-CF26C5A3E810}.Debug|x86.Build.0 = Debug|Win32
		{E15CAB51-CFD0-4FBF-BD52-CF26C5A3E810}.Release|x64.ActiveCfg = Release|x64
		{E15CAB51-CFD0-4FBF-BD52-CF26C5A3E810}.Release|x64.Build.0 = Release|x64
		{E15CAB51-CFD0-4FBF-BD52-CF26C5A3E810}.Release|x86.ActiveCfg = Release|Win32
		{E15CAB51-CFD0-4FBF-BD52-CF26C5A3E810}.Release|x86.Build.0 = Release|Win32
	EndGlobalSection
	GlobalSection(SolutionProperties) = preSolution
		HideSolutionNode = FALSE
	EndGlobalSection
	GlobalSection(ExtensibilityGlobals) = postSolution
		SolutionGuid = {A5AF6143-4F2A-4780-9A62-352CBFC298FC}
	EndGlobalSection
EndGlobal
